<?xml version="1.0" encoding="utf-8"?>
<Project ToolsVersion="4.0" xmlns="http://schemas.microsoft.com/developer/msbuild/2003">
  <ItemGroup>
    <Filter Include="m8">
      <UniqueIdentifier>{c3405c55-122a-4831-9c6a-18bf3e92b125}</UniqueIdentifier>
    </Filter>
    <Filter Include="common">
      <UniqueIdentifier>{82e3cb00-78ee-4b2e-bec0-373a8f7773ac}</UniqueIdentifier>
    </Filter>
  </ItemGroup>
  <ItemGroup>
    <ClCompile Include="..\..\src\m8\m8.cpp">
      <Filter>m8</Filter>
    </ClCompile>
    <ClCompile Include="..\..\src\m8\m8Intrf.cpp">
      <Filter>m8</Filter>
    </ClCompile>
    <ClCompile Include="..\..\src\m8\ShellIntrf.cpp">
      <Filter>m8</Filter>
    </ClCompile>
  </ItemGroup>
  <ItemGroup>
    <ClInclude Include="..\..\src\m8\m8Intrf.hpp">
      <Filter>m8</Filter>
    </ClInclude>
    <ClInclude Include="..\..\src\m8\ShellIntrf.hpp">
      <Filter>m8</Filter>
    </ClInclude>
  </ItemGroup>
  <ItemGroup>
    <None Include="packages.config" />
  </ItemGroup>
</Project>