<?xml version="1.0" encoding="utf-8"?>
<Project ToolsVersion="4.0" xmlns="http://schemas.microsoft.com/developer/msbuild/2003">
  <ItemGroup>
    <Filter Include="tests">
      <UniqueIdentifier>{1ca747fa-27e9-42e3-9c59-6c64127f7868}</UniqueIdentifier>
    </Filter>
    <Filter Include="common">
      <UniqueIdentifier>{47668605-6bb0-4fbd-9e5e-23db572c0f26}</UniqueIdentifier>
    </Filter>
  </ItemGroup>
  <ItemGroup>
    <ClInclude Include="..\..\src\common\Bb.hpp">
      <Filter>common</Filter>
    </ClInclude>
    <ClInclude Include="..\..\src\common\Board.hpp">
      <Filter>common</Filter>
    </ClInclude>
    <ClInclude Include="..\..\src\common\Const.hpp">
      <Filter>common</Filter>
    </ClInclude>
    <ClInclude Include="..\..\src\common\Piece.hpp">
      <Filter>common</Filter>
    </ClInclude>
    <ClInclude Include="..\..\src\common\Utils.hpp">
      <Filter>common</Filter>
    </ClInclude>
    <ClInclude Include="..\..\src\common\Sq.hpp">
      <Filter>common</Filter>
    </ClInclude>
    <ClInclude Include="..\..\src\tests\catch.hpp">
      <Filter>tests</Filter>
    </ClInclude>
    <ClInclude Include="..\..\src\common\Move.hpp">
      <Filter>common</Filter>
    </ClInclude>
    <ClInclude Include="..\..\src\common\MoveGen.hpp">
      <Filter>common</Filter>
    </ClInclude>
    <ClInclude Include="..\..\src\common\Init.hpp">
      <Filter>common</Filter>
    </ClInclude>
  </ItemGroup>
  <ItemGroup>
    <ClCompile Include="..\..\src\tests\Bb_tests.cpp">
      <Filter>tests</Filter>
    </ClCompile>
    <ClCompile Include="..\..\src\tests\Board_tests.cpp">
      <Filter>tests</Filter>
    </ClCompile>
    <ClCompile Include="..\..\src\tests\Piece_tests.cpp">
      <Filter>tests</Filter>
    </ClCompile>
    <ClCompile Include="..\..\src\tests\Sq_tests.cpp">
      <Filter>tests</Filter>
    </ClCompile>
    <ClCompile Include="..\..\src\tests\tests_main.cpp">
      <Filter>tests</Filter>
    </ClCompile>
    <ClCompile Include="..\..\src\common\Board.cpp">
      <Filter>common</Filter>
    </ClCompile>
    <ClCompile Include="..\..\src\tests\Move_tests.cpp">
      <Filter>tests</Filter>
    </ClCompile>
    <ClCompile Include="..\..\src\common\MoveGen.cpp">
      <Filter>common</Filter>
    </ClCompile>
    <ClCompile Include="..\..\src\tests\MoveGen_tests.cpp">
      <Filter>tests</Filter>
    </ClCompile>
    <ClCompile Include="..\..\src\common\Bb.cpp">
      <Filter>common</Filter>
    </ClCompile>
  </ItemGroup>
  <ItemGroup>
    <None Include="packages.config" />
  </ItemGroup>
</Project>